
Microsoft Visual Studio Solution File, Format Version 12.00
# Visual Studio Version 17
VisualStudioVersion = 17.7.34202.233
MinimumVisualStudioVersion = 10.0.40219.1
Project("{FAE04EC0-301F-11D3-BF4B-00C04F79EFBC}") = "Censorduck", "Censorduck.csproj", "{22BED900-0056-43F7-9F0B-54503BA49C22}"
EndProject
Global
	GlobalSection(SolutionConfigurationPlatforms) = preSolution
		Debug|Any CPU = Debug|Any CPU
		Release|Any CPU = Release|Any CPU
	EndGlobalSection
	GlobalSection(ProjectConfigurationPlatforms) = postSolution
		{22BED900-0056-43F7-9F0B-54503BA49C22}.Debug|Any CPU.ActiveCfg = Debug|Any CPU
		{22BED900-0056-43F7-9F0B-54503BA49C22}.Debug|Any CPU.Build.0 = Debug|Any CPU
		{22BED900-0056-43F7-9F0B-54503BA49C22}.Release|Any CPU.ActiveCfg = Release|Any CPU
		{22BED900-0056-43F7-9F0B-54503BA49C22}.Release|Any CPU.Build.0 = Release|Any CPU
	EndGlobalSection
	GlobalSection(SolutionProperties) = preSolution
		HideSolutionNode = FALSE
	EndGlobalSection
	GlobalSection(ExtensibilityGlobals) = postSolution
		SolutionGuid = {454A7399-0CAD-4C88-9982-63537E7917E1}
	EndGlobalSection
EndGlobal
